# This file is generated by running "yarn install" inside your project.
# Manual changes might be lost - proceed with caution!

__metadata:
  version: 4

"ajv@npm:^6.5.5":
  version: 6.11.0
  resolution: "ajv@npm:6.11.0"
  dependencies:
    fast-deep-equal: ^3.1.1
    fast-json-stable-stringify: ^2.0.0
    json-schema-traverse: ^0.4.1
    uri-js: ^4.2.2
  checksum: 2/64f53d553feaac3baf8ef6fdc4cf66e6823f9e0f5bdbf612f4674322c40664448664f09b1b37e5a341a399bf7bc530366cde1a06fe991f06518299773b4f9330
  languageName: node
  linkType: hard

"ansi-regex@npm:^2.0.0":
  version: 2.1.1
  resolution: "ansi-regex@npm:2.1.1"
  checksum: 2/93a53c923fd433f67cd3d5647dffa6790f37bbfb924cf73ad23e28a8e414bde142d1da260d9a2be52ac4aa382063196880b1d40cf8b547642c746ed538ebf6c4
  languageName: node
  linkType: hard

"asn1@npm:~0.2.3":
  version: 0.2.4
  resolution: "asn1@npm:0.2.4"
  dependencies:
    safer-buffer: ~2.1.0
  checksum: 2/5743ace942e2faa0b72f3b14bf1826509c5ca707ea150c10520f52b04f90aa715cee4370ec2e6279ce1ceb7d3c472ca33270124e90b495bea4c9b02f41b9d8ac
  languageName: node
  linkType: hard

"assert-plus@npm:1.0.0, assert-plus@npm:^1.0.0":
  version: 1.0.0
  resolution: "assert-plus@npm:1.0.0"
  checksum: 2/1bda24f67343ccb75a7eee31179c92cf9f79bd6f6bc24101b0ce1495ef979376dd9b0f9b9064812bba564cdade5fbf851ed76b4a44b5e141d49cdaee6ffed6b2
  languageName: node
  linkType: hard

"asynckit@npm:^0.4.0":
  version: 0.4.0
  resolution: "asynckit@npm:0.4.0"
  checksum: 2/a024000b9ddd938e2f27b3cb8188f96a5e1fff58185e98b84862fc4e01de279a547874a800340c2b106bb9de9b0fc61c6c683bc6892abf65e6be29a96addafd3
  languageName: node
  linkType: hard

"aws-sign2@npm:~0.7.0":
  version: 0.7.0
  resolution: "aws-sign2@npm:0.7.0"
  checksum: 2/7162b9b8fbd4cf451bd889b0ed27fc895f88e6a6cb5c5609de49759ea1a6e31646f86ca8e18d90bea0455c4caa466fc9692c1098a1784d2372a358cb68c1eea6
  languageName: node
  linkType: hard

"aws4@npm:^1.8.0":
  version: 1.9.1
  resolution: "aws4@npm:1.9.1"
  checksum: 2/d59822631844f9da1caf966cfab90ffafa22cc6c50835f9f5ebff83acdbcffc24eca44fa50d4aa191a6cee81747df38b9880547cc1df8a1380c80dd507b8e6ce
  languageName: node
  linkType: hard

"balanced-match@npm:^1.0.0":
  version: 1.0.0
  resolution: "balanced-match@npm:1.0.0"
  checksum: 2/f515a605fe1b59f476f7477c5e1d53ad55b4f42982fca1d57b6701906f4ad1f1ac90fd6587d92cc1af2edb43eecf979214dd847ee410a6de9db4ebf0dd128d62
  languageName: node
  linkType: hard

"bcrypt-pbkdf@npm:^1.0.0":
  version: 1.0.2
  resolution: "bcrypt-pbkdf@npm:1.0.2"
  dependencies:
    tweetnacl: ^0.14.3
  checksum: 2/3f57eb99bbc02352f68ff31e446997f4d21cc9a5e5286449dc1fe0116ec5dac5a4aa538967d45714fa9320312d2be8d16126f2d357da1dd40a3d546b96e097ed
  languageName: node
  linkType: hard

"big.js@npm:^5.2.2":
  version: 5.2.2
  resolution: "big.js@npm:5.2.2"
  checksum: 2/ea33d7d25674df4253ae3667da7f48ade6cc8828cb4f2c3a7753f53975f10cebae57e0d1ecf84f1b920b5467262dc0d4f357e5e497b138472d0e64992a8402a4
  languageName: node
  linkType: hard

"brace-expansion@npm:^1.1.7":
  version: 1.1.11
  resolution: "brace-expansion@npm:1.1.11"
  dependencies:
    balanced-match: ^1.0.0
    concat-map: 0.0.1
  checksum: 2/4c878e25e4858baf801945dfd63eb68feab2e502cf1122f25f3915c0e3bf397af3a93ff6bef0798db41c0d81ef28c08e55daac38058710f749a3b96eee6b8f40
  languageName: node
  linkType: hard

"camelcase@npm:^3.0.0":
  version: 3.0.0
  resolution: "camelcase@npm:3.0.0"
  checksum: 2/7993433f5bc180928f70399b06a0f11a02840bfe027e51a7e6c1b4f68c5c3119a58ec64e17b3112acab9ba420a97613956a0a2cf65f6fc8247fc9938aee64de6
  languageName: node
  linkType: hard

"caseless@npm:~0.12.0":
  version: 0.12.0
  resolution: "caseless@npm:0.12.0"
  checksum: 2/147f48bff9bebf029d7050e2335da3f8d295f26d157edf08d8c3282c804dae04a462c4cd6efa8179755686aa3aeaca5c28f3e7f3559698bc0484c65e46c36c5b
  languageName: node
  linkType: hard

"cliui@npm:^3.2.0":
  version: 3.2.0
  resolution: "cliui@npm:3.2.0"
  dependencies:
    string-width: ^1.0.1
    strip-ansi: ^3.0.1
    wrap-ansi: ^2.0.0
  checksum: 2/369a15d48058633e21e024c29ad314e082da6da6c9ed322385ac3171bce305bb3b3d61374cbe5444feca445de06ffaa2239cf8edb8307dad6a4b6ef62200a281
  languageName: node
  linkType: hard

"code-point-at@npm:^1.0.0":
  version: 1.1.0
  resolution: "code-point-at@npm:1.1.0"
  checksum: 2/7d9837296e0f1c00239c88542f5a3e0bad11e45d3d0e8d9d097901fe54722dd5d2c006969077a287be8648a202c43f74e096f17552cbd897568308fba7b87ac0
  languageName: node
  linkType: hard

"combined-stream@npm:^1.0.6, combined-stream@npm:~1.0.6":
  version: 1.0.8
  resolution: "combined-stream@npm:1.0.8"
  dependencies:
    delayed-stream: ~1.0.0
  checksum: 2/5791ce7944530f0db74a97e77ea28b6fdbf89afcf038e41d6b4195019c4c803cd19ed2905a54959e5b3830d50bd5d6f93c681c6d3aaea8614ad43b48e62e9d65
  languageName: node
  linkType: hard

"concat-map@npm:0.0.1":
  version: 0.0.1
  resolution: "concat-map@npm:0.0.1"
  checksum: 2/554e28d9ee5aa6e061795473ee092cb3d3a2cbdb76c35416e0bb6e03f136d7d07676da387b2ed0ec4106cedbb6534080d9abc48ecc4a92b76406cf2d0c3c0c4b
  languageName: node
  linkType: hard

"core-util-is@npm:1.0.2":
  version: 1.0.2
  resolution: "core-util-is@npm:1.0.2"
  checksum: 2/089015ee3c462dfceba70faa1df83b42a7bb35db26dae6af283247b06fe3216c65fccd9f00eebcaf98300dc31e981d56aae9f90b624f8f6ff1153e235ff88b65
  languageName: node
  linkType: hard

"cross-spawn@npm:6.0.5":
  version: 6.0.5
  resolution: "cross-spawn@npm:6.0.5"
  dependencies:
    nice-try: ^1.0.4
    path-key: ^2.0.1
    semver: ^5.5.0
    shebang-command: ^1.2.0
    which: ^1.2.9
  checksum: 2/05fbbf957d9b81dc05fd799a238f6aacc2e7cc9783fff3f0e00439a97d6f269c90482571cbf1eeea17200fd119161a2d1f88aa49a8110b176e04f2a70825284f
  languageName: node
  linkType: hard

"dashdash@npm:^1.12.0":
  version: 1.14.1
  resolution: "dashdash@npm:1.14.1"
  dependencies:
    assert-plus: ^1.0.0
  checksum: 2/5959409ee42dc4bdbf3fa384b801ece580ca336658bb0342ffab0099b3fc6bf9b3e239e1b82dcc4fcaeee315353e08f2eae47b0928a6a579391598c44958afa1
  languageName: node
  linkType: hard

"decamelize@npm:^1.1.1":
  version: 1.2.0
  resolution: "decamelize@npm:1.2.0"
  checksum: 2/8ca9d03ea8ac07920f4504e219d18edff2491bdd0a3e05a1e5ca2e9a0bf6333564231de3528b01d5e76c40a38c37bbc1e09cb5a0424714f53dd615ed78ced464
  languageName: node
  linkType: hard

"delayed-stream@npm:~1.0.0":
  version: 1.0.0
  resolution: "delayed-stream@npm:1.0.0"
  checksum: 2/d9dfb0a7c79fd308fada9db2cf29d1ff22047ceb50dd78f7e3c173567909b438f418259cb76a6d9c9f513e88ef41d3a14154f618741ec8368c3efeff616d0c9f
  languageName: node
  linkType: hard

"ecc-jsbn@npm:~0.1.1":
  version: 0.1.2
  resolution: "ecc-jsbn@npm:0.1.2"
  dependencies:
    jsbn: ~0.1.0
    safer-buffer: ^2.1.0
  checksum: 2/5b4dd05f24b2b94c1bb882488dba2b878bb5b83182669aa71fbdf53c6941618180cb226c4eb9a3e2fa51ad11f87b5edb0a7d7289cdef468ba2e6024542f73f07
  languageName: node
  linkType: hard

"elm-hot-webpack-loader@npm:^1.1.6":
  version: 1.1.6
  resolution: "elm-hot-webpack-loader@npm:1.1.6"
  dependencies:
    elm-hot: ^1.1.4
  peerDependencies:
    elm-webpack-loader: ^6.0.0
  checksum: 2/4aed2a0780ea085c579b0e4ad526c88621fd89bb510958317a6b20ae760310354beb7a91d18d576f204cbccdb725f1441397e920167ea875456f33a752490d29
  languageName: node
  linkType: hard

"elm-hot@npm:^1.1.4":
  version: 1.1.4
  resolution: "elm-hot@npm:1.1.4"
  checksum: 2/f3bd21d1b38e86fd76aca4ebb71909e418a9818d01ed8f2a481a51e85007a4975e69fffb06e589f7bc0d32fd293e394d42de272a7d5a9e1d15fafd55e91827b1
  languageName: node
  linkType: hard

"elm-webpack-loader@npm:^6.0.1":
  version: 6.0.1
  resolution: "elm-webpack-loader@npm:6.0.1"
  dependencies:
    glob: ^7.1.1
    loader-utils: ^1.0.2
    node-elm-compiler: ^5.0.0
    yargs: ^6.5.0
  peerDependencies:
    elm: ^0.19.1-2 || 0.19.0-no-deps
  checksum: 2/f77253ac9e4354b140b7d3d04805c6a6a8f317c548e5f87a067e8fc65307e1d8d7499ec655cfc7c6752ff53e15c8f7a254fe4bd4818f5b8c8c64e33da9a0c716
  languageName: node
  linkType: hard

"elm@npm:^0.19.1-3":
  version: 0.19.1
  resolution: "elm@npm:0.19.1"
  dependencies:
    request: ^2.88.0
  bin:
    elm: bin/elm
  checksum: 2/6590f6936624a316af0674d199441248e388bed44f6e5b128cbb54c092d9b818b252879e4dc104e2dc95e712d770000cb130d2bbb99308640e288bfb13cd0bef
  languageName: node
  linkType: hard

"emojis-list@npm:^3.0.0":
  version: 3.0.0
  resolution: "emojis-list@npm:3.0.0"
  checksum: 2/a79126b55bc86ee8fd938235a6adf9d457c05fb5bb934e8608b7d35c878d9d1e312a67759244f5c3fba0810b508eb5617e5e6ad6886496ebcfa6832d1c8de3c4
  languageName: node
  linkType: hard

"error-ex@npm:^1.2.0":
  version: 1.3.2
  resolution: "error-ex@npm:1.3.2"
  dependencies:
    is-arrayish: ^0.2.1
  checksum: 2/6c6c9187429ae867d145bc64c682c7c137b1f8373a406dc3b605c0d92f15b85bfcea02b461dc55ae11b10d013377e1eaf3d469d2861b2f94703c743620a9c08c
  languageName: node
  linkType: hard

"extend@npm:~3.0.2":
  version: 3.0.2
  resolution: "extend@npm:3.0.2"
  checksum: 2/1406da1f0c4b00b839497e4cdd0ec4303ce2ae349144b7c28064a5073c93ce8c08da4e8fb1bc5cb459ffcdff30a35fc0fe54344eb88320e70100c1baea6f195c
  languageName: node
  linkType: hard

"extsprintf@npm:1.3.0, extsprintf@npm:^1.2.0":
  version: 1.3.0
  resolution: "extsprintf@npm:1.3.0"
  checksum: 2/892efd56aa9b27cbfbca42ad0c59308633f66000e71d1fb19c6989ea7309b32f3ff281778871bd2ce9bc7f3ad02515aa2783cea0323d0f6ff840b7c6a6a4603e
  languageName: node
  linkType: hard

"fast-deep-equal@npm:^3.1.1":
  version: 3.1.1
  resolution: "fast-deep-equal@npm:3.1.1"
  checksum: 2/38fe57c5ea7dbb42cf84f5d94166358b930beb49345619205ff16c4a0c896f8679a444f0fbd0f352a633f2ea800673173e2a150d81d3d85933d714d24498c688
  languageName: node
  linkType: hard

"fast-json-stable-stringify@npm:^2.0.0":
  version: 2.1.0
  resolution: "fast-json-stable-stringify@npm:2.1.0"
  checksum: 2/7df3fabfe445d65953b2d9d9d3958bd895438b215a40fb87dae8b2165c5169a897785eb5d51e6cf0eb03523af756e3d82ea01083f6ac6341fe16db532fee3016
  languageName: node
  linkType: hard

"find-elm-dependencies@npm:2.0.2":
  version: 2.0.2
  resolution: "find-elm-dependencies@npm:2.0.2"
  dependencies:
    firstline: 1.2.0
    lodash: 4.17.15
  bin:
    find-elm-dependencies: bin/cli.js
  checksum: 2/ce912c2e5ba3f6e1785d9f9262dacea7559f58e5e480ecded998d9b3b4e43a902c004bbf891b7cce97af652080c914a2ae1079af7ed979b43fafa6a44e093f47
  languageName: node
  linkType: hard

"find-up@npm:^1.0.0":
  version: 1.1.2
  resolution: "find-up@npm:1.1.2"
  dependencies:
    path-exists: ^2.0.0
    pinkie-promise: ^2.0.0
  checksum: 2/cc15a62434c3f7f499d2f8c956aeeace97a8e87ad52ad78e156bd52e9c2acafcaad729356b564d0d57150b48017d0d3165ba2e790546550b3de8b7db256b883b
  languageName: node
  linkType: hard

"firstline@npm:1.2.0":
  version: 1.2.0
  resolution: "firstline@npm:1.2.0"
  checksum: 2/9806844f80b37cf95f61f15102d87cbd67db8ebb47805d3ab0085d434b1f65ed297e3195fe00e13ae9b6d41853850b220cbc5190fe711636fc20ce70acbfd88c
  languageName: node
  linkType: hard

"forever-agent@npm:~0.6.1":
  version: 0.6.1
  resolution: "forever-agent@npm:0.6.1"
  checksum: 2/9cc0054dd4ea5fc26e014b8c929d1fb9247e931e81165cbd965a712061d65fb84791b2124f64cd79492e516662b94068d29fe1d824732382237321b3f61955fe
  languageName: node
  linkType: hard

"form-data@npm:~2.3.2":
  version: 2.3.3
  resolution: "form-data@npm:2.3.3"
  dependencies:
    asynckit: ^0.4.0
    combined-stream: ^1.0.6
    mime-types: ^2.1.12
  checksum: 2/862e686b105634222db77138d5f5ae08ba85f88c04925de5be86b2b9d03cf671d86566ad10f1dd5217634c0f1634069dfc1a663a1cc13e8fbac0ce8f670ad070
  languageName: node
  linkType: hard

"fs.realpath@npm:^1.0.0":
  version: 1.0.0
  resolution: "fs.realpath@npm:1.0.0"
  checksum: 2/698a91b1695e3926185c9e5b0dd57cf687dceb4eb73799af91e6b2ab741735e2962c366c5af6403ffddae2619914193bd339efa706fdc984d0ffc74b7a3603f4
  languageName: node
  linkType: hard

"get-caller-file@npm:^1.0.1":
  version: 1.0.3
  resolution: "get-caller-file@npm:1.0.3"
  checksum: 2/282a3d15e79c44203873a8d5c7d8492af9e6b2c0aeccfaf63f0a853916ece9d4456e12d92c1efad01b5f8c73188a1c4d6fe8b68d4c899b753a1810ac841f6672
  languageName: node
  linkType: hard

"getpass@npm:^0.1.1":
  version: 0.1.7
  resolution: "getpass@npm:0.1.7"
  dependencies:
    assert-plus: ^1.0.0
  checksum: 2/2650725bc6939616da8432e5351ca87d8b29421bb8dc19c21bad2c37cd337d2a50d36fcc398ce0c16a075f6079afe114131780dca7e2f4b96063e53e7d28fd7a
  languageName: node
  linkType: hard

"glob@npm:^7.1.1, glob@npm:^7.1.3":
  version: 7.1.6
  resolution: "glob@npm:7.1.6"
  dependencies:
    fs.realpath: ^1.0.0
    inflight: ^1.0.4
    inherits: 2
    minimatch: ^3.0.4
    once: ^1.3.0
    path-is-absolute: ^1.0.0
  checksum: 2/789977b52432865bd63846da5c75a6efc2c56abdc0cb5ffcdb8e91eeb67a58fa5594c1195d18b2b4aff99675b0739ed6bd61024b26562e0cca18c8f993efdc82
  languageName: node
  linkType: hard

"graceful-fs@npm:^4.1.2":
  version: 4.2.3
  resolution: "graceful-fs@npm:4.2.3"
  checksum: 2/67b7e3f6a687c91287f17a2adfcce462406e2aa16ea4440618e1daaecd579ae6362c0b13303f86c77c165ed8074fa8b0868bb0a73173fa3407c2b747e89353f9
  languageName: node
  linkType: hard

"har-schema@npm:^2.0.0":
  version: 2.0.0
  resolution: "har-schema@npm:2.0.0"
  checksum: 2/e27ac33a968b8a3b2cc32e53afaec8aa795d08b058ef9b09b3bbce74db7ecadcabf60a6186e3bb901335d2c72bbf9e2af59429d736b5e80dc0edf18b3e1c5860
  languageName: node
  linkType: hard

"har-validator@npm:~5.1.3":
  version: 5.1.3
  resolution: "har-validator@npm:5.1.3"
  dependencies:
    ajv: ^6.5.5
    har-schema: ^2.0.0
  checksum: 2/64cb2294c1eceba077280e31d7059e54a99aca442ade03b7e14af3d715f7f1c01c6e1a6df21252b0aff9bea7b06fc10539bb99ebe1acf46321e97f197bbb932b
  languageName: node
  linkType: hard

"hosted-git-info@npm:^2.1.4":
  version: 2.8.5
  resolution: "hosted-git-info@npm:2.8.5"
  checksum: 2/f2f8d862c7a3c181bec46a3bb3d7209b96b5d54afe23f6bf17c9a480610082a2cdadee92fc631212792afb8abdd51e0e63cc929c505f45cfea2bb372197f7b45
  languageName: node
  linkType: hard

"http-signature@npm:~1.2.0":
  version: 1.2.0
  resolution: "http-signature@npm:1.2.0"
  dependencies:
    assert-plus: ^1.0.0
    jsprim: ^1.2.2
    sshpk: ^1.7.0
  checksum: 2/d28227eed37cb0dae0e76c46b2a5e611c678808433e5642238f17dba7f2c9c8f8d1646122d57ec1a110ecc7e8b9f5b7aa0462f1e2a5fa3b41f2fca5a69af7edf
  languageName: node
  linkType: hard

"inflight@npm:^1.0.4":
  version: 1.0.6
  resolution: "inflight@npm:1.0.6"
  dependencies:
    once: ^1.3.0
    wrappy: 1
  checksum: 2/17c53fc42cbe7f7f471d2bc41b97a0cde4b79a74d5ff59997d3f75210566fa278e17596da526d43de2bd07e222706240ce50e60097e54f2cde2e64cbbb372638
  languageName: node
  linkType: hard

"inherits@npm:2":
  version: 2.0.4
  resolution: "inherits@npm:2.0.4"
  checksum: 2/98426da247ddfc3dcd7d7daedd90c3ca32d5b08deca08949726f12d49232aef94772a07b36cf4ff833e105ae2ef931777f6de4a6dd8245a216b9299ad4a50bea
  languageName: node
  linkType: hard

"invert-kv@npm:^1.0.0":
  version: 1.0.0
  resolution: "invert-kv@npm:1.0.0"
  checksum: 2/fccd6ea4ee18d30b00fc21d6679191690f8447f248cbcdf6f74fe81a4048d51a3858d7af17a0318bd7c6fe6c46abee5a10756109787a3ec0e0a02a2c1b4a635d
  languageName: node
  linkType: hard

"is-arrayish@npm:^0.2.1":
  version: 0.2.1
  resolution: "is-arrayish@npm:0.2.1"
  checksum: 2/fc2bbe14dbcb27b490e63b7fbf0e3b0aae843e5e1fa96d79450bb9617797615a575c78c454ffc8e027c3ad50d63d83e85a7387784979dcd46686d2eb5f412db0
  languageName: node
  linkType: hard

"is-fullwidth-code-point@npm:^1.0.0":
  version: 1.0.0
  resolution: "is-fullwidth-code-point@npm:1.0.0"
  dependencies:
    number-is-nan: ^1.0.0
  checksum: 2/fc3d51ef082eaf0c0d44e94b74cf43b97446e008b147b08186daea8bd5ff402596f04b5fe4fa4c0457470beab5c2de8339c49c96b5be65fe9fdf88f60a0001e8
  languageName: node
  linkType: hard

"is-typedarray@npm:~1.0.0":
  version: 1.0.0
  resolution: "is-typedarray@npm:1.0.0"
  checksum: 2/4e21156e7360a5916eded35c5938adf6278299a8055640864eebb251e4351cd605beccddf9af27477e19f753d453412fe0c21379bb54b55cfdf5add263076959
  languageName: node
  linkType: hard

"is-utf8@npm:^0.2.0":
  version: 0.2.1
  resolution: "is-utf8@npm:0.2.1"
  checksum: 2/c72f604d72b72f6a57f9b2e22c9b6f480e869b3f0efe141bd1dfbc36655225043ca8c1316ff8e343ef641cf80868c9e4a37345492f31402abd5ab68e09367977
  languageName: node
  linkType: hard

"isexe@npm:^2.0.0":
  version: 2.0.0
  resolution: "isexe@npm:2.0.0"
  checksum: 2/7b437980bb77881a146fba85cfbdf01edc2b148673e9c2722a1e49661fea73adf524430a80fdbfb8ce9f60d43224e682c657c45030482bd39e0c488fc29b4afe
  languageName: node
  linkType: hard

"isstream@npm:~0.1.2":
  version: 0.1.2
  resolution: "isstream@npm:0.1.2"
  checksum: 2/8e6e5c4cf1823562db7035d2e7bac388412060fe9bc6727eca8c608def5aa57709165c51c2e68a2fce6ff0b64d79489501b84715060c5e8a477b87b6cbcd1eca
  languageName: node
  linkType: hard

"jsbn@npm:~0.1.0":
  version: 0.1.1
  resolution: "jsbn@npm:0.1.1"
  checksum: 2/b530d48a64e6aff9523407856a54c5b9beee30f34a410612057f4fa097d90072fc8403c49604dacf0c3e7620dca43c2b7f0de3f954af611e43716a254c46f6f5
  languageName: node
  linkType: hard

"json-schema-traverse@npm:^0.4.1":
  version: 0.4.1
  resolution: "json-schema-traverse@npm:0.4.1"
  checksum: 2/6f71bddba38aa043cf9c05ff9cf37158a6657909f1dd37032ba164b76923da47a17bb4592ee4f7f9c029dfaf26965b821ac214c1f991bb3bd038c9cfea2da50b
  languageName: node
  linkType: hard

"json-schema@npm:0.2.3":
  version: 0.2.3
  resolution: "json-schema@npm:0.2.3"
  checksum: 2/d382ea841f0af5cf6ae3b63043c6ddbd144086de52342b5dd32d8966872dce1e0ed280f6b27c5fba97e50cf8640f27b593e039cb95df365718ada03ef0feb9f2
  languageName: node
  linkType: hard

"json-stringify-safe@npm:~5.0.1":
  version: 5.0.1
  resolution: "json-stringify-safe@npm:5.0.1"
  checksum: 2/261dfb8eb3e72c8b0dda11fd7c20c151ffc1d1b03e529245d51708c8dd8d8c6a225880464adf41a570dff6e5c805fd9d1f47fed948cfb526e4fbe5a67ce4e5f4
  languageName: node
  linkType: hard

"json5@npm:^1.0.1":
  version: 1.0.1
  resolution: "json5@npm:1.0.1"
  dependencies:
    minimist: ^1.2.0
  bin:
    json5: lib/cli.js
  checksum: 2/df41624f9f40bfacc546f779eef6d161a3312fbb6ec1dbd69f8c4388e9807af653b753371ab19b6d2bab22af2ca7dde62fe03c791596acf76915e1fc4ee6fd88
  languageName: node
  linkType: hard

"jsprim@npm:^1.2.2":
  version: 1.4.1
  resolution: "jsprim@npm:1.4.1"
  dependencies:
    assert-plus: 1.0.0
    extsprintf: 1.3.0
    json-schema: 0.2.3
    verror: 1.10.0
  checksum: 2/ee0177b7ef39e6becf18c586d31fabe15d62be88e7867d3aff86466e4a3de9a2cd47b6e597417aebc1cd3c2d43bc662e79ab5eecdadf3ce0643e909432ed6d2c
  languageName: node
  linkType: hard

"lcid@npm:^1.0.0":
  version: 1.0.0
  resolution: "lcid@npm:1.0.0"
  dependencies:
    invert-kv: ^1.0.0
  checksum: 2/36f50f8be935c90e3f9296d3f7057df950ee27c4f1608549b11b3f88d26d68a19a47cf787b1a6e3eb292e820fcc8c96a67be2fca14f713430adb57b24e06fb96
  languageName: node
  linkType: hard

"load-json-file@npm:^1.0.0":
  version: 1.1.0
  resolution: "load-json-file@npm:1.1.0"
  dependencies:
    graceful-fs: ^4.1.2
    parse-json: ^2.2.0
    pify: ^2.0.0
    pinkie-promise: ^2.0.0
    strip-bom: ^2.0.0
  checksum: 2/3966dbc0c48f14df4091d89f4daf1e44b156f2c4e0870bf737b99e5925e0179277fc34226f03b7137a2e277d4e641cf626c6108c28910bbdce01e3d85e0d70b9
  languageName: node
  linkType: hard

"loader-utils@npm:^1.0.2":
  version: 1.4.0
  resolution: "loader-utils@npm:1.4.0"
  dependencies:
    big.js: ^5.2.2
    emojis-list: ^3.0.0
    json5: ^1.0.1
  checksum: 2/9fd690e57ad78d32ff2942383b4a7a175eba575280ba5aca3b4d03183fec34aa0db314f49bd3301adf7e60b02471644161bf53149e8f2d18fd6a52627e95a927
  languageName: node
  linkType: hard

"lodash@npm:4.17.15":
  version: 4.17.15
  resolution: "lodash@npm:4.17.15"
  checksum: 2/aec3fbb7570aa67bda500b8299b1b1821d60646bede87f76a74dfcc7666ab3445267d734ec71424d70809d52ad67a1356fab5ab694a3faa1908d68e9d48f00f5
  languageName: node
  linkType: hard

"mime-db@npm:1.43.0":
  version: 1.43.0
  resolution: "mime-db@npm:1.43.0"
  checksum: 2/756d8ac9ea62e3f4bcecb7513208ccd213f96930dbaa7e6ebc83f3517f5efa2eeec6923c28e6409049eb29d54668ff3e80e9c3605a1270498d6e52fde0fd3bc2
  languageName: node
  linkType: hard

"mime-types@npm:^2.1.12, mime-types@npm:~2.1.19":
  version: 2.1.26
  resolution: "mime-types@npm:2.1.26"
  dependencies:
    mime-db: 1.43.0
  checksum: 2/6ab045d65e6123857be28a58dc446fd038ae7697aba9b5135b581cfb5ed8b01908d2c2dcfe16085ecbb57ba6c42b5e598732171f1c22034c20cd04c371003ada
  languageName: node
  linkType: hard

"minimatch@npm:^3.0.4":
  version: 3.0.4
  resolution: "minimatch@npm:3.0.4"
  dependencies:
    brace-expansion: ^1.1.7
  checksum: 2/47eab9263962cacd5733e274ecad2d8e54b0f8e124ba35ae69189e296058f634a4967b87a98954f86fa5c830ff177caf827ce0136d28717ed3232951fb4fae62
  languageName: node
  linkType: hard

"minimist@npm:^1.2.0":
  version: 1.2.0
  resolution: "minimist@npm:1.2.0"
  checksum: 2/80a1a219c0243e870be65b9605e2711eb5ce08639ae4ea8d8bbf8997d4eafe8a6b2af856c3e19c33f51faf40025f23c7668c7b916bca6f72e1bc2cf9189526ff
  languageName: node
  linkType: hard

"nice-try@npm:^1.0.4":
  version: 1.0.5
  resolution: "nice-try@npm:1.0.5"
  checksum: 2/330f190bf68146a560008b661e1ddbb2eac667c16990b6bf791516d89cceb707ec67901ad647d2b32674bfa816b916489cead5c2fb6e96864c659573ab5aa3bb
  languageName: node
  linkType: hard

"node-elm-compiler@npm:^5.0.0":
  version: 5.0.4
  resolution: "node-elm-compiler@npm:5.0.4"
  dependencies:
    cross-spawn: 6.0.5
    find-elm-dependencies: 2.0.2
    lodash: 4.17.15
    temp: ^0.9.0
  checksum: 2/d49aca85b9c413a8b53ad18c39e6ab839a2979018cec61b2403a91ffe8b259fc57a08037a27404b2aae9d518683dcab1fa185ca96641b2b9e4700edcde89e92b
  languageName: node
  linkType: hard

"normalize-package-data@npm:^2.3.2":
  version: 2.5.0
  resolution: "normalize-package-data@npm:2.5.0"
  dependencies:
    hosted-git-info: ^2.1.4
    resolve: ^1.10.0
    semver: 2 || 3 || 4 || 5
    validate-npm-package-license: ^3.0.1
  checksum: 2/97d4d6b061cab51425ddb05c38d126d7a1a2a6f2c9949bef2b5ad7ef19c005df12099ea442e4cb09190929b7770008f94f87b10342a66f739acf92a7ebb9d9f2
  languageName: node
  linkType: hard

"number-is-nan@npm:^1.0.0":
  version: 1.0.1
  resolution: "number-is-nan@npm:1.0.1"
  checksum: 2/42251b2653a16f8b47639d93c3b646fff295a4582a6b3a2fc51a651d4511427c247629709063d19befbceb8a3db1a8e9f17016b3a207291e79e4bd1413032918
  languageName: node
  linkType: hard

"oauth-sign@npm:~0.9.0":
  version: 0.9.0
  resolution: "oauth-sign@npm:0.9.0"
  checksum: 2/af1ab60297c3a687d1d2de5c43c6453c4df6939de3e6114ada4a486ac51fa7ab1769f33000b94c0e8ffced5ae4c57c4f5d36b517792d83e9e9742578a728682e
  languageName: node
  linkType: hard

"once@npm:^1.3.0":
  version: 1.4.0
  resolution: "once@npm:1.4.0"
  dependencies:
    wrappy: 1
  checksum: 2/57afc246536cf6494437f982b26475f22bee860f8b77ce8eb1543f42a8bffe04b2c66ddfea9a16cb25ccb80943f8ee4fc639367ef97b7a6a4f2672eb573963f5
  languageName: node
  linkType: hard

"os-locale@npm:^1.4.0":
  version: 1.4.0
  resolution: "os-locale@npm:1.4.0"
  dependencies:
    lcid: ^1.0.0
  checksum: 2/19d876790073758c346c8df2ec40a9c28ee1497b185bfb54d3fd082b9b82e61f2ee3a9bd329cdd6ae878c7fce045c0c3b21c1196061af8360aebf2775fa27b2b
  languageName: node
  linkType: hard

"parse-json@npm:^2.2.0":
  version: 2.2.0
  resolution: "parse-json@npm:2.2.0"
  dependencies:
    error-ex: ^1.2.0
  checksum: 2/920582196a8edebb3d3c4623b2f057987218272b35ae4d2d310c00bc1bd7e89b87c79358d7e009d54f047ca2eea82eab8d7e1b14e1f7cbbb345ef29fcda29731
  languageName: node
  linkType: hard

"path-exists@npm:^2.0.0":
  version: 2.1.0
  resolution: "path-exists@npm:2.1.0"
  dependencies:
    pinkie-promise: ^2.0.0
  checksum: 2/71664885c56b48b543b0ccf2fca9d06c022ad88b6431a8d7c32ad8cba94a8e457b31cfc0ceeee7417be31d8e59574b1cb4a4551cb1efffb91f64f74034daea3d
  languageName: node
  linkType: hard

"path-is-absolute@npm:^1.0.0":
  version: 1.0.1
  resolution: "path-is-absolute@npm:1.0.1"
  checksum: 2/907e1e3e6ac0aef6e65adffd75b3892191d76a5b94c5cf26b43667c4240531d11872ca6979c209b2e5e1609f7f579d02f64ba9936b48bb59d36cc529f0d965ed
  languageName: node
  linkType: hard

"path-key@npm:^2.0.1":
  version: 2.0.1
  resolution: "path-key@npm:2.0.1"
  checksum: 2/7dc807a2baa11d6bc0fca72148a0a0ca69ab73d98fbe42e10d22764d1ef547767f2b4ff827c6bc66e733388cd8d54297a45a39499825b9fdfd18959202384029
  languageName: node
  linkType: hard

"path-parse@npm:^1.0.6":
  version: 1.0.6
  resolution: "path-parse@npm:1.0.6"
  checksum: 2/2eee4b93fb3ae13600e3fca18390d9933bbbcf725a624f6b8df020d87515a74872ff6c58072190d6dc75a5584a683dc6ae5c385ad4e4f4efb6e66af040d56c67
  languageName: node
  linkType: hard

"path-type@npm:^1.0.0":
  version: 1.1.0
  resolution: "path-type@npm:1.1.0"
  dependencies:
    graceful-fs: ^4.1.2
    pify: ^2.0.0
    pinkie-promise: ^2.0.0
  checksum: 2/c6ac7d4c7d613331ae1837a10c96a0f4fe76dc9273f98e37ce589c06b7ea6f811479ac735dbae06327d93cc6340d0cba944e9d38b0365b7b0bc0438f3fb242e0
  languageName: node
  linkType: hard

"performance-now@npm:^2.1.0":
  version: 2.1.0
  resolution: "performance-now@npm:2.1.0"
  checksum: 2/bb4ebed0b03d6c3ad3ae4eddd1182c895d385cff9096af441c19c130aaae3ea70229438ebc3297dfc52c86022f6becf177a810050823d01bf5280779cd2de624
  languageName: node
  linkType: hard

"pify@npm:^2.0.0":
  version: 2.3.0
  resolution: "pify@npm:2.3.0"
  checksum: 2/d5758aa570bbd5969c62b5f745065006827ef4859b32af302e3df2bb5978e6c1e50c2360d7ffefa102e451084f4530115c84570c185ba5153ee9871c977fe278
  languageName: node
  linkType: hard

"pinkie-promise@npm:^2.0.0":
  version: 2.0.1
  resolution: "pinkie-promise@npm:2.0.1"
  dependencies:
    pinkie: ^2.0.0
  checksum: 2/1e32e05ffdfb691b04a42d05d5452698853099efe1bab70bfa538e9a793e609b66cc59180cc5fc2158062a2fc5991c9c268a82b2b655247aa005020167e31d75
  languageName: node
  linkType: hard

"pinkie@npm:^2.0.0":
  version: 2.0.4
  resolution: "pinkie@npm:2.0.4"
  checksum: 2/2cb484c9da47b2f420fddffe7cbfeac950106a848343d147c2b2668d12b71aa3d09297bfe37ec32539a27c6dc7db414414f5ee166d6b2ca0d95f6dfe9dde60d7
  languageName: node
  linkType: hard

"psl@npm:^1.1.28":
  version: 1.7.0
  resolution: "psl@npm:1.7.0"
  checksum: 2/b2158825f6676a61820b22d197b630efb9828fcb9471eccc3dc2c43a689201711f4e87cd3b7a2106997309a87cc31d04f71e928f2c474c80fe679b31d5b1702e
  languageName: node
  linkType: hard

"punycode@npm:^2.1.0, punycode@npm:^2.1.1":
  version: 2.1.1
  resolution: "punycode@npm:2.1.1"
  checksum: 2/0202dc191cb35bfd88870ac99a1e824b03486d4cee20b543ef337a6dee8d8b11017da32a3e4c40b69b19976e982c030b62bd72bba42884acb691bc5ef91354c8
  languageName: node
  linkType: hard

"qs@npm:~6.5.2":
  version: 6.5.2
  resolution: "qs@npm:6.5.2"
  checksum: 2/fa0410eff2c05ce3328e11f82db4015e7819c986ee056d6b62b06ae112f4929af09ea3b879ca168ff9f0338f50972bba487ad0e46c879e42bfaf63c3c2ea7f09
  languageName: node
  linkType: hard

"read-pkg-up@npm:^1.0.1":
  version: 1.0.1
  resolution: "read-pkg-up@npm:1.0.1"
  dependencies:
    find-up: ^1.0.0
    read-pkg: ^1.0.0
  checksum: 2/05a0d7fd655c650b11c86abfb5fc37d6ad2df7392965b3be09271414c30adadaaa37bb9f016b30f5972607d1e2d98626749f01ca602c75256ab8358394447aa7
  languageName: node
  linkType: hard

"read-pkg@npm:^1.0.0":
  version: 1.1.0
  resolution: "read-pkg@npm:1.1.0"
  dependencies:
    load-json-file: ^1.0.0
    normalize-package-data: ^2.3.2
    path-type: ^1.0.0
  checksum: 2/01fdadf10e5643baffe30c294d06d8cb6dab9724f2cff0cdccbadcfab74a0050c968a0faa7a1d5191fc89eb27ab9dbec1f90ff9ac489cb77b9c0f81c630720ec
  languageName: node
  linkType: hard

"request@npm:^2.88.0":
  version: 2.88.2
  resolution: "request@npm:2.88.2"
  dependencies:
    aws-sign2: ~0.7.0
    aws4: ^1.8.0
    caseless: ~0.12.0
    combined-stream: ~1.0.6
    extend: ~3.0.2
    forever-agent: ~0.6.1
    form-data: ~2.3.2
    har-validator: ~5.1.3
    http-signature: ~1.2.0
    is-typedarray: ~1.0.0
    isstream: ~0.1.2
    json-stringify-safe: ~5.0.1
    mime-types: ~2.1.19
    oauth-sign: ~0.9.0
    performance-now: ^2.1.0
    qs: ~6.5.2
    safe-buffer: ^5.1.2
    tough-cookie: ~2.5.0
    tunnel-agent: ^0.6.0
    uuid: ^3.3.2
  checksum: 2/7a74841f3024cac21d8c3cca7f7f2e4243fbd62464d2f291fddb94008a9d010e20c4a1488f4224b03412a4438a699db2a3de11019e486c8e656f86b0b79bf022
  languageName: node
  linkType: hard

"require-directory@npm:^2.1.1":
  version: 2.1.1
  resolution: "require-directory@npm:2.1.1"
  checksum: 2/f495d02d89c385af2df4b26f0216ece091e99710d358d0ede424126c476d0c639e8bd77dcd237c00a6a5658f3d862e7513164f8c280263052667d06df830eb23
  languageName: node
  linkType: hard

"require-main-filename@npm:^1.0.1":
  version: 1.0.1
  resolution: "require-main-filename@npm:1.0.1"
  checksum: 2/26719298b8ba213424f69beea3898fa5bdddeb7039cbc78d8680524f05b459c7d9c523fda12d1aabe74d4475458480ba231ab5147fefb3855b8e6b6b65666d99
  languageName: node
  linkType: hard

resolve@^1.10.0:
  version: 1.15.1
  resolution: "resolve@npm:1.15.1"
  dependencies:
    path-parse: ^1.0.6
  checksum: 2/34f77287b44a7eb4588d9d631165c763099a82aca3132920e0fdcde428a51f2cf69190c19e2309e35288a0702f57fefeb951da6138677036a16636b2f0e7b8dd
  languageName: node
  linkType: hard

"resolve@patch:resolve@^1.10.0#builtin<compat/resolve>":
  version: 1.15.1
  resolution: "resolve@patch:resolve@npm%3A1.15.1#builtin<compat/resolve>::version=1.15.1&hash=8fccd0"
  dependencies:
    path-parse: ^1.0.6
  checksum: 2/fe7e72ddef33d5c157991b824ba2d439cafcd386cb4b26d86c32e77fea442bdd9a93c6cdd93ab90f87a29449008df64b53a8310dd89ebe88ea87fb5db09c03aa
  languageName: node
  linkType: hard

"rimraf@npm:~2.6.2":
  version: 2.6.3
  resolution: "rimraf@npm:2.6.3"
  dependencies:
    glob: ^7.1.3
  bin:
    rimraf: ./bin.js
  checksum: 2/c9ce1854f19327606934558f4729b0f7aa7b9f1a3e7ca292d56261cce1074e20b0a0b16689166da6d8ab24ed9c30f7c71fba0df38e1d37f0233b6f48307c5c7a
  languageName: node
  linkType: hard

"safe-buffer@npm:^5.0.1, safe-buffer@npm:^5.1.2":
  version: 5.2.0
  resolution: "safe-buffer@npm:5.2.0"
  checksum: 2/e513079353a235749e64dc3b1ade741caf651c09d1291ee826e68d42c08913dcd2c76b291dd23979b0fd0bd551d99f4a3d8cc05aef4e9c75bebf6cbbd310b129
  languageName: node
  linkType: hard

"safer-buffer@npm:^2.0.2, safer-buffer@npm:^2.1.0, safer-buffer@npm:~2.1.0":
  version: 2.1.2
  resolution: "safer-buffer@npm:2.1.2"
  checksum: 2/549ba83f5b314b59898efe3422120ce1ca7987a6eae5925a5fa5db930dc414d4a9dde0a5594f89638cd6ea60b6840ea961872908933ac2428d1726489db46fa5
  languageName: node
  linkType: hard

"semver@npm:2 || 3 || 4 || 5, semver@npm:^5.5.0":
  version: 5.7.1
  resolution: "semver@npm:5.7.1"
  bin:
    semver: ./bin/semver
  checksum: 2/06ff0ed753ebf741b7602be8faad620d6e160a2cb3f61019d00d919c8bca141638aa23c34da779b8595afdc9faa3678bfbb5f60366b6a4f65f98cf86605bbcdb
  languageName: node
  linkType: hard

"set-blocking@npm:^2.0.0":
  version: 2.0.0
  resolution: "set-blocking@npm:2.0.0"
  checksum: 2/0ac2403b0c2d39bf452f6d5d17dfd3cb952b9113098e1231cc0614c436e2f465637e39d27cf3b93556f5c59795e9790fd7e98da784c5f9919edeba4295ffeb29
  languageName: node
  linkType: hard

"shebang-command@npm:^1.2.0":
  version: 1.2.0
  resolution: "shebang-command@npm:1.2.0"
  dependencies:
    shebang-regex: ^1.0.0
  checksum: 2/2a1e0092a6b80b14ec742ef4e982be8aa670edc7de3e8c68b26744fb535051f7d92518106387b52e9aabe0c1ceae33d23a7dfdb94c3d7f5035c3868b723a2854
  languageName: node
  linkType: hard

"shebang-regex@npm:^1.0.0":
  version: 1.0.0
  resolution: "shebang-regex@npm:1.0.0"
  checksum: 2/cf1a41cb09023e7d39739d7145fcba57c3fabc6728b78ce706f7315cf52dfadf30f7eea664e069224fbcbbfb6ab853bc55ac45f494b47ee73fc209c98487fae5
  languageName: node
  linkType: hard

"spdx-correct@npm:^3.0.0":
  version: 3.1.0
  resolution: "spdx-correct@npm:3.1.0"
  dependencies:
    spdx-expression-parse: ^3.0.0
    spdx-license-ids: ^3.0.0
  checksum: 2/3b0874df2bb18f7bd1f7e1308b5bd5f1184b55c23753eb0ae4d4f4cd9e9006ce4ec800df7b3f438fdd64b4dc7e923d46787e7f7bda2abae4c1d6f161dd93163b
  languageName: node
  linkType: hard

"spdx-exceptions@npm:^2.1.0":
  version: 2.2.0
  resolution: "spdx-exceptions@npm:2.2.0"
  checksum: 2/748c042fb1928b5ece6b5ae939ef091207e0c45066419d6c6a4944e21219c038a2a1a6df60d6b1adf3a600cd1da846d72adb246b09d9b8ef56c12b5d92bbfc01
  languageName: node
  linkType: hard

"spdx-expression-parse@npm:^3.0.0":
  version: 3.0.0
  resolution: "spdx-expression-parse@npm:3.0.0"
  dependencies:
    spdx-exceptions: ^2.1.0
    spdx-license-ids: ^3.0.0
  checksum: 2/626acd35ef9579cb1d15d87d08a571587e9d0c2d5e72c77ec2dfa83578703feb3e6a1b3250d4d56ae598649e65e89df8a3ebfb1faf028066ead3fffe4f27d658
  languageName: node
  linkType: hard

"spdx-license-ids@npm:^3.0.0":
  version: 3.0.5
  resolution: "spdx-license-ids@npm:3.0.5"
  checksum: 2/4ff7c0615a3c69a195b206a425e6a633ccb24e680ac21f5464b249b57ebb5c3f356f84a8e713599758be69ee4a849319d7fce7041b69e29acd9d31daed3fb8eb
  languageName: node
  linkType: hard

"sshpk@npm:^1.7.0":
  version: 1.16.1
  resolution: "sshpk@npm:1.16.1"
  dependencies:
    asn1: ~0.2.3
    assert-plus: ^1.0.0
    bcrypt-pbkdf: ^1.0.0
    dashdash: ^1.12.0
    ecc-jsbn: ~0.1.1
    getpass: ^0.1.1
    jsbn: ~0.1.0
    safer-buffer: ^2.0.2
    tweetnacl: ~0.14.0
  bin:
    sshpk-conv: bin/sshpk-conv
    sshpk-sign: bin/sshpk-sign
    sshpk-verify: bin/sshpk-verify
  checksum: 2/4bd7422634ec3730404186179e5d9ba913accc64449f18d594b3a757a3b81000719adc94cf0c93a7b3da42487ae42404a1f37bfaa7908a60743d4478382b9d78
  languageName: node
  linkType: hard

"stonks@workspace:.":
  version: 0.0.0-use.local
  resolution: "stonks@workspace:."
  dependencies:
    elm: ^0.19.1-3
    elm-hot-webpack-loader: ^1.1.6
    elm-webpack-loader: ^6.0.1
  languageName: unknown
  linkType: soft

"string-width@npm:^1.0.1, string-width@npm:^1.0.2":
  version: 1.0.2
  resolution: "string-width@npm:1.0.2"
  dependencies:
    code-point-at: ^1.0.0
    is-fullwidth-code-point: ^1.0.0
    strip-ansi: ^3.0.0
  checksum: 2/b11745daa9398a1b3bb37ffa64263f9869c5f790901ed1242decb08171785346447112ead561cffde6b222a5ebeab9d2b382c72ae688859e852aa29325ca9d0b
  languageName: node
  linkType: hard

"strip-ansi@npm:^3.0.0, strip-ansi@npm:^3.0.1":
  version: 3.0.1
  resolution: "strip-ansi@npm:3.0.1"
  dependencies:
    ansi-regex: ^2.0.0
  checksum: 2/98772dcf440d08f65790ee38cd186b1f139fa69b430e75f9d9c11f97058662f82a22c2ba03a30f502f948958264e99051524fbf1819edaa8a8bbb909ece297da
  languageName: node
  linkType: hard

"strip-bom@npm:^2.0.0":
  version: 2.0.0
  resolution: "strip-bom@npm:2.0.0"
  dependencies:
    is-utf8: ^0.2.0
  checksum: 2/d488310c44b2a089d1d2ff54e90198eb8d32e6d2016ae811c732b1a6472dea15ae72dc21ee35ee6729cf71e9b663b3216d3e48cd1e5fba3b6093fd0b19ae7d0b
  languageName: node
  linkType: hard

"temp@npm:^0.9.0":
  version: 0.9.1
  resolution: "temp@npm:0.9.1"
  dependencies:
    rimraf: ~2.6.2
  checksum: 2/e7f732ef774313b5567fef3597162cdb7bd0420335120e50ec94c5c3fd9e9932419b5ed6747af811d70b0f25c9a382d8bce00461a478be80552002c66290e7e8
  languageName: node
  linkType: hard

"tough-cookie@npm:~2.5.0":
  version: 2.5.0
  resolution: "tough-cookie@npm:2.5.0"
  dependencies:
    psl: ^1.1.28
    punycode: ^2.1.1
  checksum: 2/bf5d6fac5ce0bebc5876cb9b9a79d3d9ea21c9e4099f3d3e64701d6ba170a052cb88cece6737ec2473bac4f0a4f6c75d46ec17985be8587c6bbdd38d91625cb4
  languageName: node
  linkType: hard

"tunnel-agent@npm:^0.6.0":
  version: 0.6.0
  resolution: "tunnel-agent@npm:0.6.0"
  dependencies:
    safe-buffer: ^5.0.1
  checksum: 2/03db75a4f994fee610d3485c492e95105ed265a9fecd49d14c98e9982f973ecc0220d0c1bc264e37802e423a1274bb63788a873e4e07009408ae3ac517347fd7
  languageName: node
  linkType: hard

"tweetnacl@npm:^0.14.3, tweetnacl@npm:~0.14.0":
  version: 0.14.5
  resolution: "tweetnacl@npm:0.14.5"
  checksum: 2/e1c9d52e2e9f582fd0df9ea26ba5a9ab88b9a38b69625d8e55c5e8870a4832ac8c32f8854b41fce7b59f97258bb103535363f9eda7050aa70e75824b972c7dde
  languageName: node
  linkType: hard

"uri-js@npm:^4.2.2":
  version: 4.2.2
  resolution: "uri-js@npm:4.2.2"
  dependencies:
    punycode: ^2.1.0
  checksum: 2/651a49f55d6d65a15e589ed5ffa23bf99e495699e246c1c3fecbe6f232c675589fdae4e93a88608525ff130f39b6fb854c19982820813a2d94c005c11eafd7ed
  languageName: node
  linkType: hard

"uuid@npm:^3.3.2":
  version: 3.4.0
  resolution: "uuid@npm:3.4.0"
  bin:
    uuid: ./bin/uuid
  checksum: 2/1ce3f37e214d6d0dc94a6a9663a0365013ace66bc3fd5b203e6f5d2eeb978aaee1192367222386345d30b4c6a447928c501121aa84c637724bf105ef57284949
  languageName: node
  linkType: hard

"validate-npm-package-license@npm:^3.0.1":
  version: 3.0.4
  resolution: "validate-npm-package-license@npm:3.0.4"
  dependencies:
    spdx-correct: ^3.0.0
    spdx-expression-parse: ^3.0.0
  checksum: 2/940899bd4eacfa012ceecb10a5814ba0e8103da5243aa74d0d62f1f8a405efcd23e034fb7193e2d05b392870c53aabcb1f66439b062075cdcb28bc5d562a8ff6
  languageName: node
  linkType: hard

"verror@npm:1.10.0":
  version: 1.10.0
  resolution: "verror@npm:1.10.0"
  dependencies:
    assert-plus: ^1.0.0
    core-util-is: 1.0.2
    extsprintf: ^1.2.0
  checksum: 2/38ea80312cb42e5e8b4ac562d108d675b2354a79f8f125d363671f692657461b9181fd26f4fc9acdca433f8afee099cb78058806e1303e6b15b8fb022affba94
  languageName: node
  linkType: hard

"which-module@npm:^1.0.0":
  version: 1.0.0
  resolution: "which-module@npm:1.0.0"
  checksum: 2/2fbdb5d875d9dd141de049ad14820de43403cb664142df2b16430a6349bbbcc48b30a24491df0794b7f16284a977fd03ce8b797fa668db92272172dcbe21f8b6
  languageName: node
  linkType: hard

"which@npm:^1.2.9":
  version: 1.3.1
  resolution: "which@npm:1.3.1"
  dependencies:
    isexe: ^2.0.0
  bin:
    which: ./bin/which
  checksum: 2/298d95f9c185c4da22c1bfb1fdfa37c2ba56df8a6b98706ab361bf31a7d3a4845afaecfc48d4de7a259048842b5f2977f51b56f5c06c1f6a83dcf5a9e3de634a
  languageName: node
  linkType: hard

"wrap-ansi@npm:^2.0.0":
  version: 2.1.0
  resolution: "wrap-ansi@npm:2.1.0"
  dependencies:
    string-width: ^1.0.1
    strip-ansi: ^3.0.1
  checksum: 2/d1846c06645c23dc25489e7df74df33164665c53fc609f9275ebcae11e1106f2d07038ffd8063433d1aaf9c657c42f8f45c77b7c749e358bf022351d86921d3b
  languageName: node
  linkType: hard

"wrappy@npm:1":
  version: 1.0.2
  resolution: "wrappy@npm:1.0.2"
  checksum: 2/519fcda0fcdf0c16327be2de9d98646742307bc830277e8868529fcf7566f2b330a6453c233e0cdcb767d5838dd61a90984a02ecc983bcddebea5ad0833bbf98
  languageName: node
  linkType: hard

"y18n@npm:^3.2.1":
  version: 3.2.1
  resolution: "y18n@npm:3.2.1"
  checksum: 2/e0f3db233608c026dd1d06dc5805c99fedbeb21c6a73bdac70d8a6ec1bbcf1cc38952e7b8a79b46c9d1bdee022cc40e529c760f04f9c6cd3123e5ba657d19322
  languageName: node
  linkType: hard

"yargs-parser@npm:^4.2.0":
  version: 4.2.1
  resolution: "yargs-parser@npm:4.2.1"
  dependencies:
    camelcase: ^3.0.0
  checksum: 2/c23c21ca499cef4b7e61b4c57c6c7b2685f68db217cbd2045ef9bf1e2f1e9106ddd9a1a70e42f08d47da97a1b3b99275975e5119046282bea30340c3df33eabd
  languageName: node
  linkType: hard

"yargs@npm:^6.5.0":
  version: 6.6.0
  resolution: "yargs@npm:6.6.0"
  dependencies:
    camelcase: ^3.0.0
    cliui: ^3.2.0
    decamelize: ^1.1.1
    get-caller-file: ^1.0.1
    os-locale: ^1.4.0
    read-pkg-up: ^1.0.1
    require-directory: ^2.1.1
    require-main-filename: ^1.0.1
    set-blocking: ^2.0.0
    string-width: ^1.0.2
    which-module: ^1.0.0
    y18n: ^3.2.1
    yargs-parser: ^4.2.0
  checksum: 2/9fc241ace2f082428b507172b71fd48e38144b5937bfa1e8576b7e3b7a17c68c31d93be2fdf201f5499e0cb334255a55f7ac10f62cfcd97ae1b0f8b19041d930
  languageName: node
  linkType: hard
